
Microsoft Visual Studio Solution File, Format Version 12.00
# Visual Studio Version 17
VisualStudioVersion = 17.13.35913.81 d17.13
MinimumVisualStudioVersion = 10.0.40219.1
Project("{FAE04EC0-301F-11D3-BF4B-00C04F79EFBC}") = "ACME Management Library", "ACME Management Library\ACME Management Library.csproj", "{793FCCA6-F4E6-4760-BC2C-5A4ECC8B1DF0}"
EndProject
Project("{FAE04EC0-301F-11D3-BF4B-00C04F79EFBC}") = "ACME Library Unit Tests", "ACME Library Unit Tests\ACME Library Unit Tests.csproj", "{3FAAE01D-3830-436E-A48F-A0F26BF06896}"
EndProject
Global
	GlobalSection(SolutionConfigurationPlatforms) = preSolution
		Debug|Any CPU = Debug|Any CPU
		Release|Any CPU = Release|Any CPU
	EndGlobalSection
	GlobalSection(ProjectConfigurationPlatforms) = postSolution
		{793FCCA6-F4E6-4760-BC2C-5A4ECC8B1DF0}.Debug|Any CPU.ActiveCfg = Debug|Any CPU
		{793FCCA6-F4E6-4760-BC2C-5A4ECC8B1DF0}.Debug|Any CPU.Build.0 = Debug|Any CPU
		{793FCCA6-F4E6-4760-BC2C-5A4ECC8B1DF0}.Release|Any CPU.ActiveCfg = Release|Any CPU
		{793FCCA6-F4E6-4760-BC2C-5A4ECC8B1DF0}.Release|Any CPU.Build.0 = Release|Any CPU
		{3FAAE01D-3830-436E-A48F-A0F26BF06896}.Debug|Any CPU.ActiveCfg = Debug|Any CPU
		{3FAAE01D-3830-436E-A48F-A0F26BF06896}.Debug|Any CPU.Build.0 = Debug|Any CPU
		{3FAAE01D-3830-436E-A48F-A0F26BF06896}.Release|Any CPU.ActiveCfg = Release|Any CPU
		{3FAAE01D-3830-436E-A48F-A0F26BF06896}.Release|Any CPU.Build.0 = Release|Any CPU
	EndGlobalSection
	GlobalSection(SolutionProperties) = preSolution
		HideSolutionNode = FALSE
	EndGlobalSection
	GlobalSection(ExtensibilityGlobals) = postSolution
		SolutionGuid = {CC199894-65B6-469B-9E43-763AB5FB0333}
	EndGlobalSection
EndGlobal
